{
  "name": "js",
  "lockfileVersion": 2,
  "requires": true,
  "packages": {
    "": {
      "dependencies": {
        "rtf": "^0.0.4"
      }
    },
    "node_modules/async": {
      "version": "0.9.2",
      "resolved": "https://registry.npmjs.org/async/-/async-0.9.2.tgz",
      "integrity": "sha512-l6ToIJIotphWahxxHyzK9bnLR6kM4jJIIgLShZeqLY7iboHoGkdgFl7W2/Ivi4SkMJYGKqW8vSuk0uKUj6qsSw=="
    },
    "node_modules/imageinfo": {
      "version": "1.0.4",
      "resolved": "https://registry.npmjs.org/imageinfo/-/imageinfo-1.0.4.tgz",
      "integrity": "sha512-BJml4q/QCO2187F4UcO/b6hTYIhbq4nnd1XNs65jyCED9em4m6XmeGWDxjewjfJoC7VJABhOdmqb64KA24rLZw==",
      "engines": {
        "node": ">=0.4"
      }
    },
    "node_modules/rtf": {
      "version": "0.0.4",
      "resolved": "https://registry.npmjs.org/rtf/-/rtf-0.0.4.tgz",
      "integrity": "sha512-2yuATg/QcsDdAZa67svWyaSaX8976cpG4cABc1qqTLakSGkuU0ZzlPXBFqLhJkN/lOZI3TSpTczr4GFdLoVTxA==",
      "dependencies": {
        "async": "~0",
        "imageinfo": "~1"
      }
    }
  },
  "dependencies": {
    "async": {
      "version": "0.9.2",
      "resolved": "https://registry.npmjs.org/async/-/async-0.9.2.tgz",
      "integrity": "sha512-l6ToIJIotphWahxxHyzK9bnLR6kM4jJIIgLShZeqLY7iboHoGkdgFl7W2/Ivi4SkMJYGKqW8vSuk0uKUj6qsSw=="
    },
    "imageinfo": {
      "version": "1.0.4",
      "resolved": "https://registry.npmjs.org/imageinfo/-/imageinfo-1.0.4.tgz",
      "integrity": "sha512-BJml4q/QCO2187F4UcO/b6hTYIhbq4nnd1XNs65jyCED9em4m6XmeGWDxjewjfJoC7VJABhOdmqb64KA24rLZw=="
    },
    "rtf": {
      "version": "0.0.4",
      "resolved": "https://registry.npmjs.org/rtf/-/rtf-0.0.4.tgz",
      "integrity": "sha512-2yuATg/QcsDdAZa67svWyaSaX8976cpG4cABc1qqTLakSGkuU0ZzlPXBFqLhJkN/lOZI3TSpTczr4GFdLoVTxA==",
      "requires": {
        "async": "~0",
        "imageinfo": "~1"
      }
    }
  }
}
